
Microsoft Visual Studio Solution File, Format Version 12.00
# Visual Studio Version 16
VisualStudioVersion = 16.0.29215.179
MinimumVisualStudioVersion = 10.0.40219.1
Project("{FAE04EC0-301F-11D3-BF4B-00C04F79EFBC}") = "Homework6.Android", "Homework6\Homework6.Android\Homework6.Android.csproj", "{9AD2F0AE-5E6C-4BD4-BA6C-C0CEFD20D6CF}"
EndProject
Project("{FAE04EC0-301F-11D3-BF4B-00C04F79EFBC}") = "Homework6.iOS", "Homework6\Homework6.iOS\Homework6.iOS.csproj", "{83D2B383-903B-4736-8389-A579254BB57A}"
EndProject
Project("{FAE04EC0-301F-11D3-BF4B-00C04F79EFBC}") = "Homework6", "Homework6\Homework6\Homework6.csproj", "{8BF4D897-63E7-40CB-BEBD-FD053AFFB23D}"
EndProject
Global
	GlobalSection(SolutionConfigurationPlatforms) = preSolution
		Debug|Any CPU = Debug|Any CPU
		Debug|iPhone = Debug|iPhone
		Debug|iPhoneSimulator = Debug|iPhoneSimulator
		Release|Any CPU = Release|Any CPU
		Release|iPhone = Release|iPhone
		Release|iPhoneSimulator = Release|iPhoneSimulator
	EndGlobalSection
	GlobalSection(ProjectConfigurationPlatforms) = postSolution
		{9AD2F0AE-5E6C-4BD4-BA6C-C0CEFD20D6CF}.Debug|Any CPU.ActiveCfg = Debug|Any CPU
		{9AD2F0AE-5E6C-4BD4-BA6C-C0CEFD20D6CF}.Debug|Any CPU.Build.0 = Debug|Any CPU
		{9AD2F0AE-5E6C-4BD4-BA6C-C0CEFD20D6CF}.Debug|Any CPU.Deploy.0 = Debug|Any CPU
		{9AD2F0AE-5E6C-4BD4-BA6C-C0CEFD20D6CF}.Debug|iPhone.ActiveCfg = Debug|Any CPU
		{9AD2F0AE-5E6C-4BD4-BA6C-C0CEFD20D6CF}.Debug|iPhone.Build.0 = Debug|Any CPU
		{9AD2F0AE-5E6C-4BD4-BA6C-C0CEFD20D6CF}.Debug|iPhone.Deploy.0 = Debug|Any CPU
		{9AD2F0AE-5E6C-4BD4-BA6C-C0CEFD20D6CF}.Debug|iPhoneSimulator.ActiveCfg = Debug|Any CPU
		{9AD2F0AE-5E6C-4BD4-BA6C-C0CEFD20D6CF}.Debug|iPhoneSimulator.Build.0 = Debug|Any CPU
		{9AD2F0AE-5E6C-4BD4-BA6C-C0CEFD20D6CF}.Debug|iPhoneSimulator.Deploy.0 = Debug|Any CPU
		{9AD2F0AE-5E6C-4BD4-BA6C-C0CEFD20D6CF}.Release|Any CPU.ActiveCfg = Release|Any CPU
		{9AD2F0AE-5E6C-4BD4-BA6C-C0CEFD20D6CF}.Release|Any CPU.Build.0 = Release|Any CPU
		{9AD2F0AE-5E6C-4BD4-BA6C-C0CEFD20D6CF}.Release|Any CPU.Deploy.0 = Release|Any CPU
		{9AD2F0AE-5E6C-4BD4-BA6C-C0CEFD20D6CF}.Release|iPhone.ActiveCfg = Release|Any CPU
		{9AD2F0AE-5E6C-4BD4-BA6C-C0CEFD20D6CF}.Release|iPhone.Build.0 = Release|Any CPU
		{9AD2F0AE-5E6C-4BD4-BA6C-C0CEFD20D6CF}.Release|iPhone.Deploy.0 = Release|Any CPU
		{9AD2F0AE-5E6C-4BD4-BA6C-C0CEFD20D6CF}.Release|iPhoneSimulator.ActiveCfg = Release|Any CPU
		{9AD2F0AE-5E6C-4BD4-BA6C-C0CEFD20D6CF}.Release|iPhoneSimulator.Build.0 = Release|Any CPU
		{9AD2F0AE-5E6C-4BD4-BA6C-C0CEFD20D6CF}.Release|iPhoneSimulator.Deploy.0 = Release|Any CPU
		{83D2B383-903B-4736-8389-A579254BB57A}.Debug|Any CPU.ActiveCfg = Debug|iPhoneSimulator
		{83D2B383-903B-4736-8389-A579254BB57A}.Debug|Any CPU.Build.0 = Debug|iPhoneSimulator
		{83D2B383-903B-4736-8389-A579254BB57A}.Debug|Any CPU.Deploy.0 = Debug|iPhoneSimulator
		{83D2B383-903B-4736-8389-A579254BB57A}.Debug|iPhone.ActiveCfg = Debug|iPhone
		{83D2B383-903B-4736-8389-A579254BB57A}.Debug|iPhone.Build.0 = Debug|iPhone
		{83D2B383-903B-4736-8389-A579254BB57A}.Debug|iPhone.Deploy.0 = Debug|iPhone
		{83D2B383-903B-4736-8389-A579254BB57A}.Debug|iPhoneSimulator.ActiveCfg = Debug|iPhoneSimulator
		{83D2B383-903B-4736-8389-A579254BB57A}.Debug|iPhoneSimulator.Build.0 = Debug|iPhoneSimulator
		{83D2B383-903B-4736-8389-A579254BB57A}.Debug|iPhoneSimulator.Deploy.0 = Debug|iPhoneSimulator
		{83D2B383-903B-4736-8389-A579254BB57A}.Release|Any CPU.ActiveCfg = Release|iPhone
		{83D2B383-903B-4736-8389-A579254BB57A}.Release|Any CPU.Build.0 = Release|iPhone
		{83D2B383-903B-4736-8389-A579254BB57A}.Release|Any CPU.Deploy.0 = Release|iPhone
		{83D2B383-903B-4736-8389-A579254BB57A}.Release|iPhone.ActiveCfg = Release|iPhone
		{83D2B383-903B-4736-8389-A579254BB57A}.Release|iPhone.Build.0 = Release|iPhone
		{83D2B383-903B-4736-8389-A579254BB57A}.Release|iPhone.Deploy.0 = Release|iPhone
		{83D2B383-903B-4736-8389-A579254BB57A}.Release|iPhoneSimulator.ActiveCfg = Release|iPhoneSimulator
		{83D2B383-903B-4736-8389-A579254BB57A}.Release|iPhoneSimulator.Build.0 = Release|iPhoneSimulator
		{83D2B383-903B-4736-8389-A579254BB57A}.Release|iPhoneSimulator.Deploy.0 = Release|iPhoneSimulator
		{8BF4D897-63E7-40CB-BEBD-FD053AFFB23D}.Debug|Any CPU.ActiveCfg = Debug|Any CPU
		{8BF4D897-63E7-40CB-BEBD-FD053AFFB23D}.Debug|Any CPU.Build.0 = Debug|Any CPU
		{8BF4D897-63E7-40CB-BEBD-FD053AFFB23D}.Debug|Any CPU.Deploy.0 = Debug|Any CPU
		{8BF4D897-63E7-40CB-BEBD-FD053AFFB23D}.Debug|iPhone.ActiveCfg = Debug|Any CPU
		{8BF4D897-63E7-40CB-BEBD-FD053AFFB23D}.Debug|iPhone.Build.0 = Debug|Any CPU
		{8BF4D897-63E7-40CB-BEBD-FD053AFFB23D}.Debug|iPhone.Deploy.0 = Debug|Any CPU
		{8BF4D897-63E7-40CB-BEBD-FD053AFFB23D}.Debug|iPhoneSimulator.ActiveCfg = Debug|Any CPU
		{8BF4D897-63E7-40CB-BEBD-FD053AFFB23D}.Debug|iPhoneSimulator.Build.0 = Debug|Any CPU
		{8BF4D897-63E7-40CB-BEBD-FD053AFFB23D}.Debug|iPhoneSimulator.Deploy.0 = Debug|Any CPU
		{8BF4D897-63E7-40CB-BEBD-FD053AFFB23D}.Release|Any CPU.ActiveCfg = Release|Any CPU
		{8BF4D897-63E7-40CB-BEBD-FD053AFFB23D}.Release|Any CPU.Build.0 = Release|Any CPU
		{8BF4D897-63E7-40CB-BEBD-FD053AFFB23D}.Release|Any CPU.Deploy.0 = Release|Any CPU
		{8BF4D897-63E7-40CB-BEBD-FD053AFFB23D}.Release|iPhone.ActiveCfg = Release|Any CPU
		{8BF4D897-63E7-40CB-BEBD-FD053AFFB23D}.Release|iPhone.Build.0 = Release|Any CPU
		{8BF4D897-63E7-40CB-BEBD-FD053AFFB23D}.Release|iPhone.Deploy.0 = Release|Any CPU
		{8BF4D897-63E7-40CB-BEBD-FD053AFFB23D}.Release|iPhoneSimulator.ActiveCfg = Release|Any CPU
		{8BF4D897-63E7-40CB-BEBD-FD053AFFB23D}.Release|iPhoneSimulator.Build.0 = Release|Any CPU
		{8BF4D897-63E7-40CB-BEBD-FD053AFFB23D}.Release|iPhoneSimulator.Deploy.0 = Release|Any CPU
	EndGlobalSection
	GlobalSection(SolutionProperties) = preSolution
		HideSolutionNode = FALSE
	EndGlobalSection
	GlobalSection(ExtensibilityGlobals) = postSolution
		SolutionGuid = {E384F66E-4AFC-4B88-9375-31776956D219}
	EndGlobalSection
EndGlobal
