
Microsoft Visual Studio Solution File, Format Version 12.00
# Visual Studio Version 16
VisualStudioVersion = 16.0.29215.179
MinimumVisualStudioVersion = 10.0.40219.1
Project("{FAE04EC0-301F-11D3-BF4B-00C04F79EFBC}") = "TestApp.Android", "TestApp\TestApp.Android\TestApp.Android.csproj", "{4793C691-6515-4A5A-8EF7-0E6734B1E885}"
EndProject
Project("{FAE04EC0-301F-11D3-BF4B-00C04F79EFBC}") = "TestApp.iOS", "TestApp\TestApp.iOS\TestApp.iOS.csproj", "{E1643C72-D27C-4DEE-9BAE-B30E2879BB71}"
EndProject
Project("{FAE04EC0-301F-11D3-BF4B-00C04F79EFBC}") = "TestApp", "TestApp\TestApp\TestApp.csproj", "{220FF248-20F7-4676-BC9C-CB057D553A92}"
EndProject
Global
	GlobalSection(SolutionConfigurationPlatforms) = preSolution
		Debug|Any CPU = Debug|Any CPU
		Debug|iPhone = Debug|iPhone
		Debug|iPhoneSimulator = Debug|iPhoneSimulator
		Release|Any CPU = Release|Any CPU
		Release|iPhone = Release|iPhone
		Release|iPhoneSimulator = Release|iPhoneSimulator
	EndGlobalSection
	GlobalSection(ProjectConfigurationPlatforms) = postSolution
		{4793C691-6515-4A5A-8EF7-0E6734B1E885}.Debug|Any CPU.ActiveCfg = Debug|Any CPU
		{4793C691-6515-4A5A-8EF7-0E6734B1E885}.Debug|Any CPU.Build.0 = Debug|Any CPU
		{4793C691-6515-4A5A-8EF7-0E6734B1E885}.Debug|Any CPU.Deploy.0 = Debug|Any CPU
		{4793C691-6515-4A5A-8EF7-0E6734B1E885}.Debug|iPhone.ActiveCfg = Debug|Any CPU
		{4793C691-6515-4A5A-8EF7-0E6734B1E885}.Debug|iPhone.Build.0 = Debug|Any CPU
		{4793C691-6515-4A5A-8EF7-0E6734B1E885}.Debug|iPhone.Deploy.0 = Debug|Any CPU
		{4793C691-6515-4A5A-8EF7-0E6734B1E885}.Debug|iPhoneSimulator.ActiveCfg = Debug|Any CPU
		{4793C691-6515-4A5A-8EF7-0E6734B1E885}.Debug|iPhoneSimulator.Build.0 = Debug|Any CPU
		{4793C691-6515-4A5A-8EF7-0E6734B1E885}.Debug|iPhoneSimulator.Deploy.0 = Debug|Any CPU
		{4793C691-6515-4A5A-8EF7-0E6734B1E885}.Release|Any CPU.ActiveCfg = Release|Any CPU
		{4793C691-6515-4A5A-8EF7-0E6734B1E885}.Release|Any CPU.Build.0 = Release|Any CPU
		{4793C691-6515-4A5A-8EF7-0E6734B1E885}.Release|Any CPU.Deploy.0 = Release|Any CPU
		{4793C691-6515-4A5A-8EF7-0E6734B1E885}.Release|iPhone.ActiveCfg = Release|Any CPU
		{4793C691-6515-4A5A-8EF7-0E6734B1E885}.Release|iPhone.Build.0 = Release|Any CPU
		{4793C691-6515-4A5A-8EF7-0E6734B1E885}.Release|iPhone.Deploy.0 = Release|Any CPU
		{4793C691-6515-4A5A-8EF7-0E6734B1E885}.Release|iPhoneSimulator.ActiveCfg = Release|Any CPU
		{4793C691-6515-4A5A-8EF7-0E6734B1E885}.Release|iPhoneSimulator.Build.0 = Release|Any CPU
		{4793C691-6515-4A5A-8EF7-0E6734B1E885}.Release|iPhoneSimulator.Deploy.0 = Release|Any CPU
		{E1643C72-D27C-4DEE-9BAE-B30E2879BB71}.Debug|Any CPU.ActiveCfg = Debug|iPhoneSimulator
		{E1643C72-D27C-4DEE-9BAE-B30E2879BB71}.Debug|Any CPU.Build.0 = Debug|iPhoneSimulator
		{E1643C72-D27C-4DEE-9BAE-B30E2879BB71}.Debug|Any CPU.Deploy.0 = Debug|iPhoneSimulator
		{E1643C72-D27C-4DEE-9BAE-B30E2879BB71}.Debug|iPhone.ActiveCfg = Debug|iPhone
		{E1643C72-D27C-4DEE-9BAE-B30E2879BB71}.Debug|iPhone.Build.0 = Debug|iPhone
		{E1643C72-D27C-4DEE-9BAE-B30E2879BB71}.Debug|iPhone.Deploy.0 = Debug|iPhone
		{E1643C72-D27C-4DEE-9BAE-B30E2879BB71}.Debug|iPhoneSimulator.ActiveCfg = Debug|iPhoneSimulator
		{E1643C72-D27C-4DEE-9BAE-B30E2879BB71}.Debug|iPhoneSimulator.Build.0 = Debug|iPhoneSimulator
		{E1643C72-D27C-4DEE-9BAE-B30E2879BB71}.Debug|iPhoneSimulator.Deploy.0 = Debug|iPhoneSimulator
		{E1643C72-D27C-4DEE-9BAE-B30E2879BB71}.Release|Any CPU.ActiveCfg = Release|iPhone
		{E1643C72-D27C-4DEE-9BAE-B30E2879BB71}.Release|Any CPU.Build.0 = Release|iPhone
		{E1643C72-D27C-4DEE-9BAE-B30E2879BB71}.Release|Any CPU.Deploy.0 = Release|iPhone
		{E1643C72-D27C-4DEE-9BAE-B30E2879BB71}.Release|iPhone.ActiveCfg = Release|iPhone
		{E1643C72-D27C-4DEE-9BAE-B30E2879BB71}.Release|iPhone.Build.0 = Release|iPhone
		{E1643C72-D27C-4DEE-9BAE-B30E2879BB71}.Release|iPhone.Deploy.0 = Release|iPhone
		{E1643C72-D27C-4DEE-9BAE-B30E2879BB71}.Release|iPhoneSimulator.ActiveCfg = Release|iPhoneSimulator
		{E1643C72-D27C-4DEE-9BAE-B30E2879BB71}.Release|iPhoneSimulator.Build.0 = Release|iPhoneSimulator
		{E1643C72-D27C-4DEE-9BAE-B30E2879BB71}.Release|iPhoneSimulator.Deploy.0 = Release|iPhoneSimulator
		{220FF248-20F7-4676-BC9C-CB057D553A92}.Debug|Any CPU.ActiveCfg = Debug|Any CPU
		{220FF248-20F7-4676-BC9C-CB057D553A92}.Debug|Any CPU.Build.0 = Debug|Any CPU
		{220FF248-20F7-4676-BC9C-CB057D553A92}.Debug|Any CPU.Deploy.0 = Debug|Any CPU
		{220FF248-20F7-4676-BC9C-CB057D553A92}.Debug|iPhone.ActiveCfg = Debug|Any CPU
		{220FF248-20F7-4676-BC9C-CB057D553A92}.Debug|iPhone.Build.0 = Debug|Any CPU
		{220FF248-20F7-4676-BC9C-CB057D553A92}.Debug|iPhone.Deploy.0 = Debug|Any CPU
		{220FF248-20F7-4676-BC9C-CB057D553A92}.Debug|iPhoneSimulator.ActiveCfg = Debug|Any CPU
		{220FF248-20F7-4676-BC9C-CB057D553A92}.Debug|iPhoneSimulator.Build.0 = Debug|Any CPU
		{220FF248-20F7-4676-BC9C-CB057D553A92}.Debug|iPhoneSimulator.Deploy.0 = Debug|Any CPU
		{220FF248-20F7-4676-BC9C-CB057D553A92}.Release|Any CPU.ActiveCfg = Release|Any CPU
		{220FF248-20F7-4676-BC9C-CB057D553A92}.Release|Any CPU.Build.0 = Release|Any CPU
		{220FF248-20F7-4676-BC9C-CB057D553A92}.Release|Any CPU.Deploy.0 = Release|Any CPU
		{220FF248-20F7-4676-BC9C-CB057D553A92}.Release|iPhone.ActiveCfg = Release|Any CPU
		{220FF248-20F7-4676-BC9C-CB057D553A92}.Release|iPhone.Build.0 = Release|Any CPU
		{220FF248-20F7-4676-BC9C-CB057D553A92}.Release|iPhone.Deploy.0 = Release|Any CPU
		{220FF248-20F7-4676-BC9C-CB057D553A92}.Release|iPhoneSimulator.ActiveCfg = Release|Any CPU
		{220FF248-20F7-4676-BC9C-CB057D553A92}.Release|iPhoneSimulator.Build.0 = Release|Any CPU
		{220FF248-20F7-4676-BC9C-CB057D553A92}.Release|iPhoneSimulator.Deploy.0 = Release|Any CPU
	EndGlobalSection
	GlobalSection(SolutionProperties) = preSolution
		HideSolutionNode = FALSE
	EndGlobalSection
	GlobalSection(ExtensibilityGlobals) = postSolution
		SolutionGuid = {A710371F-0838-4005-911D-E9C26A578B2C}
	EndGlobalSection
EndGlobal
